// !$*UTF8*$!
{
	archiveVersion = 1;
	classes = {
	};
	objectVersion = 46;
	objects = {

/* Begin PBXBuildFile section */
		595D30D51AC8E6116CC71B3F /* Pods_lookback.framework in Frameworks */ = {isa = PBXBuildFile; fileRef = 5101724563439B8502288CAE /* Pods_lookback.framework */; };
		5B70BCA31D0CE3DD00328110 /* LocationManager.swift in Sources */ = {isa = PBXBuildFile; fileRef = 5B70BCA21D0CE3DD00328110 /* LocationManager.swift */; };
		5BE0A1201D059422004DC56C /* AppDelegate.swift in Sources */ = {isa = PBXBuildFile; fileRef = 5BE0A11F1D059422004DC56C /* AppDelegate.swift */; };
		5BE0A1221D059422004DC56C /* MainViewController.swift in Sources */ = {isa = PBXBuildFile; fileRef = 5BE0A1211D059422004DC56C /* MainViewController.swift */; };
		5BE0A1251D059422004DC56C /* Main.storyboard in Resources */ = {isa = PBXBuildFile; fileRef = 5BE0A1231D059422004DC56C /* Main.storyboard */; };
		5BE0A1271D059423004DC56C /* Assets.xcassets in Resources */ = {isa = PBXBuildFile; fileRef = 5BE0A1261D059423004DC56C /* Assets.xcassets */; };
		5BE0A12A1D059423004DC56C /* LaunchScreen.storyboard in Resources */ = {isa = PBXBuildFile; fileRef = 5BE0A1281D059423004DC56C /* LaunchScreen.storyboard */; };
		5BE0A1351D059423004DC56C /* lookbackTests.swift in Sources */ = {isa = PBXBuildFile; fileRef = 5BE0A1341D059423004DC56C /* lookbackTests.swift */; };
		5BE0A1401D059423004DC56C /* lookbackUITests.swift in Sources */ = {isa = PBXBuildFile; fileRef = 5BE0A13F1D059423004DC56C /* lookbackUITests.swift */; };
		5BE214A51D0AE2E60087EEBC /* example.geojson in Resources */ = {isa = PBXBuildFile; fileRef = 5BE214A41D0AE2E60087EEBC /* example.geojson */; };
/* End PBXBuildFile section */

/* Begin PBXContainerItemProxy section */
		5BE0A1311D059423004DC56C /* PBXContainerItemProxy */ = {
			isa = PBXContainerItemProxy;
			containerPortal = 5BE0A1141D059422004DC56C /* Project object */;
			proxyType = 1;
			remoteGlobalIDString = 5BE0A11B1D059422004DC56C;
			remoteInfo = lookback;
		};
		5BE0A13C1D059423004DC56C /* PBXContainerItemProxy */ = {
			isa = PBXContainerItemProxy;
			containerPortal = 5BE0A1141D059422004DC56C /* Project object */;
			proxyType = 1;
			remoteGlobalIDString = 5BE0A11B1D059422004DC56C;
			remoteInfo = lookback;
		};
/* End PBXContainerItemProxy section */

/* Begin PBXFileReference section */
		5101724563439B8502288CAE /* Pods_lookback.framework */ = {isa = PBXFileReference; explicitFileType = wrapper.framework; includeInIndex = 0; path = Pods_lookback.framework; sourceTree = BUILT_PRODUCTS_DIR; };
		5B70BCA21D0CE3DD00328110 /* LocationManager.swift */ = {isa = PBXFileReference; fileEncoding = 4; lastKnownFileType = sourcecode.swift; path = LocationManager.swift; sourceTree = "<group>"; };
		5BE0A11C1D059422004DC56C /* lookback.app */ = {isa = PBXFileReference; explicitFileType = wrapper.application; includeInIndex = 0; path = lookback.app; sourceTree = BUILT_PRODUCTS_DIR; };
		5BE0A11F1D059422004DC56C /* AppDelegate.swift */ = {isa = PBXFileReference; lastKnownFileType = sourcecode.swift; path = AppDelegate.swift; sourceTree = "<group>"; };
		5BE0A1211D059422004DC56C /* MainViewController.swift */ = {isa = PBXFileReference; lastKnownFileType = sourcecode.swift; path = MainViewController.swift; sourceTree = "<group>"; };
		5BE0A1241D059422004DC56C /* Base */ = {isa = PBXFileReference; lastKnownFileType = file.storyboard; name = Base; path = Base.lproj/Main.storyboard; sourceTree = "<group>"; };
		5BE0A1261D059423004DC56C /* Assets.xcassets */ = {isa = PBXFileReference; lastKnownFileType = folder.assetcatalog; path = Assets.xcassets; sourceTree = "<group>"; };
		5BE0A1291D059423004DC56C /* Base */ = {isa = PBXFileReference; lastKnownFileType = file.storyboard; name = Base; path = Base.lproj/LaunchScreen.storyboard; sourceTree = "<group>"; };
		5BE0A12B1D059423004DC56C /* Info.plist */ = {isa = PBXFileReference; lastKnownFileType = text.plist.xml; path = Info.plist; sourceTree = "<group>"; };
		5BE0A1301D059423004DC56C /* lookbackTests.xctest */ = {isa = PBXFileReference; explicitFileType = wrapper.cfbundle; includeInIndex = 0; path = lookbackTests.xctest; sourceTree = BUILT_PRODUCTS_DIR; };
		5BE0A1341D059423004DC56C /* lookbackTests.swift */ = {isa = PBXFileReference; lastKnownFileType = sourcecode.swift; path = lookbackTests.swift; sourceTree = "<group>"; };
		5BE0A1361D059423004DC56C /* Info.plist */ = {isa = PBXFileReference; lastKnownFileType = text.plist.xml; path = Info.plist; sourceTree = "<group>"; };
		5BE0A13B1D059423004DC56C /* lookbackUITests.xctest */ = {isa = PBXFileReference; explicitFileType = wrapper.cfbundle; includeInIndex = 0; path = lookbackUITests.xctest; sourceTree = BUILT_PRODUCTS_DIR; };
		5BE0A13F1D059423004DC56C /* lookbackUITests.swift */ = {isa = PBXFileReference; lastKnownFileType = sourcecode.swift; path = lookbackUITests.swift; sourceTree = "<group>"; };
		5BE0A1411D059423004DC56C /* Info.plist */ = {isa = PBXFileReference; lastKnownFileType = text.plist.xml; path = Info.plist; sourceTree = "<group>"; };
		5BE214A41D0AE2E60087EEBC /* example.geojson */ = {isa = PBXFileReference; fileEncoding = 4; lastKnownFileType = text; path = example.geojson; sourceTree = "<group>"; };
		5BE6E69F1D0C2384002BB2DF /* Debug.xcconfig */ = {isa = PBXFileReference; lastKnownFileType = text.xcconfig; path = Debug.xcconfig; sourceTree = "<group>"; };
		5BE6E6A01D0C252D002BB2DF /* Release.xcconfig */ = {isa = PBXFileReference; lastKnownFileType = text.xcconfig; path = Release.xcconfig; sourceTree = "<group>"; };
		793BF4F4C113F4A4ACEB36C6 /* Pods-lookback.release.xcconfig */ = {isa = PBXFileReference; includeInIndex = 1; lastKnownFileType = text.xcconfig; name = "Pods-lookback.release.xcconfig"; path = "Pods/Target Support Files/Pods-lookback/Pods-lookback.release.xcconfig"; sourceTree = "<group>"; };
		AA8D1FDAA0C1A57CDF85D417 /* Pods-lookback.debug.xcconfig */ = {isa = PBXFileReference; includeInIndex = 1; lastKnownFileType = text.xcconfig; name = "Pods-lookback.debug.xcconfig"; path = "Pods/Target Support Files/Pods-lookback/Pods-lookback.debug.xcconfig"; sourceTree = "<group>"; };
/* End PBXFileReference section */

/* Begin PBXFrameworksBuildPhase section */
		5BE0A1191D059422004DC56C /* Frameworks */ = {
			isa = PBXFrameworksBuildPhase;
			buildActionMask = 2147483647;
			files = (
				595D30D51AC8E6116CC71B3F /* Pods_lookback.framework in Frameworks */,
			);
			runOnlyForDeploymentPostprocessing = 0;
		};
		5BE0A12D1D059423004DC56C /* Frameworks */ = {
			isa = PBXFrameworksBuildPhase;
			buildActionMask = 2147483647;
			files = (
			);
			runOnlyForDeploymentPostprocessing = 0;
		};
		5BE0A1381D059423004DC56C /* Frameworks */ = {
			isa = PBXFrameworksBuildPhase;
			buildActionMask = 2147483647;
			files = (
			);
			runOnlyForDeploymentPostprocessing = 0;
		};
/* End PBXFrameworksBuildPhase section */

/* Begin PBXGroup section */
		4FBF3D2876C9FFBC367BE08D /* Pods */ = {
			isa = PBXGroup;
			children = (
				AA8D1FDAA0C1A57CDF85D417 /* Pods-lookback.debug.xcconfig */,
				793BF4F4C113F4A4ACEB36C6 /* Pods-lookback.release.xcconfig */,
			);
			name = Pods;
			sourceTree = "<group>";
		};
		5BE0A1131D059422004DC56C = {
			isa = PBXGroup;
			children = (
				5BE0A11E1D059422004DC56C /* lookback */,
				5BE0A1331D059423004DC56C /* lookbackTests */,
				5BE0A13E1D059423004DC56C /* lookbackUITests */,
				5BE0A11D1D059422004DC56C /* Products */,
				4FBF3D2876C9FFBC367BE08D /* Pods */,
				A44E4C6690670F476832E288 /* Frameworks */,
			);
			sourceTree = "<group>";
		};
		5BE0A11D1D059422004DC56C /* Products */ = {
			isa = PBXGroup;
			children = (
				5BE0A11C1D059422004DC56C /* lookback.app */,
				5BE0A1301D059423004DC56C /* lookbackTests.xctest */,
				5BE0A13B1D059423004DC56C /* lookbackUITests.xctest */,
			);
			name = Products;
			sourceTree = "<group>";
		};
		5BE0A11E1D059422004DC56C /* lookback */ = {
			isa = PBXGroup;
			children = (
				5BE0A11F1D059422004DC56C /* AppDelegate.swift */,
				5BE214A41D0AE2E60087EEBC /* example.geojson */,
				5BE0A1211D059422004DC56C /* MainViewController.swift */,
				5B70BCA21D0CE3DD00328110 /* LocationManager.swift */,
				5BE0A1231D059422004DC56C /* Main.storyboard */,
				5BE0A1261D059423004DC56C /* Assets.xcassets */,
				5BE0A1281D059423004DC56C /* LaunchScreen.storyboard */,
				5BE0A12B1D059423004DC56C /* Info.plist */,
				5BE6E69F1D0C2384002BB2DF /* Debug.xcconfig */,
				5BE6E6A01D0C252D002BB2DF /* Release.xcconfig */,
			);
			path = lookback;
			sourceTree = "<group>";
		};
		5BE0A1331D059423004DC56C /* lookbackTests */ = {
			isa = PBXGroup;
			children = (
				5BE0A1341D059423004DC56C /* lookbackTests.swift */,
				5BE0A1361D059423004DC56C /* Info.plist */,
			);
			path = lookbackTests;
			sourceTree = "<group>";
		};
		5BE0A13E1D059423004DC56C /* lookbackUITests */ = {
			isa = PBXGroup;
			children = (
				5BE0A13F1D059423004DC56C /* lookbackUITests.swift */,
				5BE0A1411D059423004DC56C /* Info.plist */,
			);
			path = lookbackUITests;
			sourceTree = "<group>";
		};
		A44E4C6690670F476832E288 /* Frameworks */ = {
			isa = PBXGroup;
			children = (
				5101724563439B8502288CAE /* Pods_lookback.framework */,
			);
			name = Frameworks;
			sourceTree = "<group>";
		};
/* End PBXGroup section */

/* Begin PBXNativeTarget section */
		5BE0A11B1D059422004DC56C /* lookback */ = {
			isa = PBXNativeTarget;
			buildConfigurationList = 5BE0A1441D059423004DC56C /* Build configuration list for PBXNativeTarget "lookback" */;
			buildPhases = (
				CEB0A1C2E3A609DE90A71D23 /* [CP] Check Pods Manifest.lock */,
				5BE0A1181D059422004DC56C /* Sources */,
				5BE0A1191D059422004DC56C /* Frameworks */,
				5BE0A11A1D059422004DC56C /* Resources */,
				549DFEBFECF8214B55EFD963 /* [CP] Embed Pods Frameworks */,
				71F7C7AA0E0B52DAF09B8246 /* [CP] Copy Pods Resources */,
			);
			buildRules = (
			);
			dependencies = (
			);
			name = lookback;
			productName = lookback;
			productReference = 5BE0A11C1D059422004DC56C /* lookback.app */;
			productType = "com.apple.product-type.application";
		};
		5BE0A12F1D059423004DC56C /* lookbackTests */ = {
			isa = PBXNativeTarget;
			buildConfigurationList = 5BE0A1471D059423004DC56C /* Build configuration list for PBXNativeTarget "lookbackTests" */;
			buildPhases = (
				5BE0A12C1D059423004DC56C /* Sources */,
				5BE0A12D1D059423004DC56C /* Frameworks */,
				5BE0A12E1D059423004DC56C /* Resources */,
			);
			buildRules = (
			);
			dependencies = (
				5BE0A1321D059423004DC56C /* PBXTargetDependency */,
			);
			name = lookbackTests;
			productName = lookbackTests;
			productReference = 5BE0A1301D059423004DC56C /* lookbackTests.xctest */;
			productType = "com.apple.product-type.bundle.unit-test";
		};
		5BE0A13A1D059423004DC56C /* lookbackUITests */ = {
			isa = PBXNativeTarget;
			buildConfigurationList = 5BE0A14A1D059423004DC56C /* Build configuration list for PBXNativeTarget "lookbackUITests" */;
			buildPhases = (
				5BE0A1371D059423004DC56C /* Sources */,
				5BE0A1381D059423004DC56C /* Frameworks */,
				5BE0A1391D059423004DC56C /* Resources */,
			);
			buildRules = (
			);
			dependencies = (
				5BE0A13D1D059423004DC56C /* PBXTargetDependency */,
			);
			name = lookbackUITests;
			productName = lookbackUITests;
			productReference = 5BE0A13B1D059423004DC56C /* lookbackUITests.xctest */;
			productType = "com.apple.product-type.bundle.ui-testing";
		};
/* End PBXNativeTarget section */

/* Begin PBXProject section */
		5BE0A1141D059422004DC56C /* Project object */ = {
			isa = PBXProject;
			attributes = {
				LastSwiftUpdateCheck = 0730;
				LastUpgradeCheck = 0730;
				ORGANIZATIONNAME = Premist;
				TargetAttributes = {
					5BE0A11B1D059422004DC56C = {
						CreatedOnToolsVersion = 7.3.1;
					};
					5BE0A12F1D059423004DC56C = {
						CreatedOnToolsVersion = 7.3.1;
						TestTargetID = 5BE0A11B1D059422004DC56C;
					};
					5BE0A13A1D059423004DC56C = {
						CreatedOnToolsVersion = 7.3.1;
						TestTargetID = 5BE0A11B1D059422004DC56C;
					};
				};
			};
			buildConfigurationList = 5BE0A1171D059422004DC56C /* Build configuration list for PBXProject "lookback" */;
			compatibilityVersion = "Xcode 3.2";
			developmentRegion = English;
			hasScannedForEncodings = 0;
			knownRegions = (
				en,
				Base,
			);
			mainGroup = 5BE0A1131D059422004DC56C;
			productRefGroup = 5BE0A11D1D059422004DC56C /* Products */;
			projectDirPath = "";
			projectRoot = "";
			targets = (
				5BE0A11B1D059422004DC56C /* lookback */,
				5BE0A12F1D059423004DC56C /* lookbackTests */,
				5BE0A13A1D059423004DC56C /* lookbackUITests */,
			);
		};
/* End PBXProject section */

/* Begin PBXResourcesBuildPhase section */
		5BE0A11A1D059422004DC56C /* Resources */ = {
			isa = PBXResourcesBuildPhase;
			buildActionMask = 2147483647;
			files = (
				5BE0A12A1D059423004DC56C /* LaunchScreen.storyboard in Resources */,
				5BE0A1271D059423004DC56C /* Assets.xcassets in Resources */,
				5BE214A51D0AE2E60087EEBC /* example.geojson in Resources */,
				5BE0A1251D059422004DC56C /* Main.storyboard in Resources */,
			);
			runOnlyForDeploymentPostprocessing = 0;
		};
		5BE0A12E1D059423004DC56C /* Resources */ = {
			isa = PBXResourcesBuildPhase;
			buildActionMask = 2147483647;
			files = (
			);
			runOnlyForDeploymentPostprocessing = 0;
		};
		5BE0A1391D059423004DC56C /* Resources */ = {
			isa = PBXResourcesBuildPhase;
			buildActionMask = 2147483647;
			files = (
			);
			runOnlyForDeploymentPostprocessing = 0;
		};
/* End PBXResourcesBuildPhase section */

/* Begin PBXShellScriptBuildPhase section */
		549DFEBFECF8214B55EFD963 /* [CP] Embed Pods Frameworks */ = {
			isa = PBXShellScriptBuildPhase;
			buildActionMask = 2147483647;
			files = (
			);
			inputPaths = (
			);
			name = "[CP] Embed Pods Frameworks";
			outputPaths = (
			);
			runOnlyForDeploymentPostprocessing = 0;
			shellPath = /bin/sh;
			shellScript = "\"${SRCROOT}/Pods/Target Support Files/Pods-lookback/Pods-lookback-frameworks.sh\"\n";
			showEnvVarsInLog = 0;
		};
		71F7C7AA0E0B52DAF09B8246 /* [CP] Copy Pods Resources */ = {
			isa = PBXShellScriptBuildPhase;
			buildActionMask = 2147483647;
			files = (
			);
			inputPaths = (
			);
			name = "[CP] Copy Pods Resources";
			outputPaths = (
			);
			runOnlyForDeploymentPostprocessing = 0;
			shellPath = /bin/sh;
			shellScript = "\"${SRCROOT}/Pods/Target Support Files/Pods-lookback/Pods-lookback-resources.sh\"\n";
			showEnvVarsInLog = 0;
		};
		CEB0A1C2E3A609DE90A71D23 /* [CP] Check Pods Manifest.lock */ = {
			isa = PBXShellScriptBuildPhase;
			buildActionMask = 2147483647;
			files = (
			);
			inputPaths = (
			);
			name = "[CP] Check Pods Manifest.lock";
			outputPaths = (
			);
			runOnlyForDeploymentPostprocessing = 0;
			shellPath = /bin/sh;
			shellScript = "diff \"${PODS_ROOT}/../Podfile.lock\" \"${PODS_ROOT}/Manifest.lock\" > /dev/null\nif [[ $? != 0 ]] ; then\n    cat << EOM\nerror: The sandbox is not in sync with the Podfile.lock. Run 'pod install' or update your CocoaPods installation.\nEOM\n    exit 1\nfi\n";
			showEnvVarsInLog = 0;
		};
/* End PBXShellScriptBuildPhase section */

/* Begin PBXSourcesBuildPhase section */
		5BE0A1181D059422004DC56C /* Sources */ = {
			isa = PBXSourcesBuildPhase;
			buildActionMask = 2147483647;
			files = (
				5BE0A1221D059422004DC56C /* MainViewController.swift in Sources */,
				5BE0A1201D059422004DC56C /* AppDelegate.swift in Sources */,
				5B70BCA31D0CE3DD00328110 /* LocationManager.swift in Sources */,
			);
			runOnlyForDeploymentPostprocessing = 0;
		};
		5BE0A12C1D059423004DC56C /* Sources */ = {
			isa = PBXSourcesBuildPhase;
			buildActionMask = 2147483647;
			files = (
				5BE0A1351D059423004DC56C /* lookbackTests.swift in Sources */,
			);
			runOnlyForDeploymentPostprocessing = 0;
		};
		5BE0A1371D059423004DC56C /* Sources */ = {
			isa = PBXSourcesBuildPhase;
			buildActionMask = 2147483647;
			files = (
				5BE0A1401D059423004DC56C /* lookbackUITests.swift in Sources */,
			);
			runOnlyForDeploymentPostprocessing = 0;
		};
/* End PBXSourcesBuildPhase section */

/* Begin PBXTargetDependency section */
		5BE0A1321D059423004DC56C /* PBXTargetDependency */ = {
			isa = PBXTargetDependency;
			target = 5BE0A11B1D059422004DC56C /* lookback */;
			targetProxy = 5BE0A1311D059423004DC56C /* PBXContainerItemProxy */;
		};
		5BE0A13D1D059423004DC56C /* PBXTargetDependency */ = {
			isa = PBXTargetDependency;
			target = 5BE0A11B1D059422004DC56C /* lookback */;
			targetProxy = 5BE0A13C1D059423004DC56C /* PBXContainerItemProxy */;
		};
/* End PBXTargetDependency section */

/* Begin PBXVariantGroup section */
		5BE0A1231D059422004DC56C /* Main.storyboard */ = {
			isa = PBXVariantGroup;
			children = (
				5BE0A1241D059422004DC56C /* Base */,
			);
			name = Main.storyboard;
			sourceTree = "<group>";
		};
		5BE0A1281D059423004DC56C /* LaunchScreen.storyboard */ = {
			isa = PBXVariantGroup;
			children = (
				5BE0A1291D059423004DC56C /* Base */,
			);
			name = LaunchScreen.storyboard;
			sourceTree = "<group>";
		};
/* End PBXVariantGroup section */

/* Begin XCBuildConfiguration section */
		5BE0A1421D059423004DC56C /* Debug */ = {
			isa = XCBuildConfiguration;
			buildSettings = {
				ALWAYS_SEARCH_USER_PATHS = NO;
				CLANG_ANALYZER_NONNULL = YES;
				CLANG_CXX_LANGUAGE_STANDARD = "gnu++0x";
				CLANG_CXX_LIBRARY = "libc++";
				CLANG_ENABLE_MODULES = YES;
				CLANG_ENABLE_OBJC_ARC = YES;
				CLANG_WARN_BOOL_CONVERSION = YES;
				CLANG_WARN_CONSTANT_CONVERSION = YES;
				CLANG_WARN_DIRECT_OBJC_ISA_USAGE = YES_ERROR;
				CLANG_WARN_EMPTY_BODY = YES;
				CLANG_WARN_ENUM_CONVERSION = YES;
				CLANG_WARN_INT_CONVERSION = YES;
				CLANG_WARN_OBJC_ROOT_CLASS = YES_ERROR;
				CLANG_WARN_UNREACHABLE_CODE = YES;
				CLANG_WARN__DUPLICATE_METHOD_MATCH = YES;
				"CODE_SIGN_IDENTITY[sdk=iphoneos*]" = "iPhone Developer";
				COPY_PHASE_STRIP = NO;
				DEBUG_INFORMATION_FORMAT = dwarf;
				ENABLE_STRICT_OBJC_MSGSEND = YES;
				ENABLE_TESTABILITY = YES;
				GCC_C_LANGUAGE_STANDARD = gnu99;
				GCC_DYNAMIC_NO_PIC = NO;
				GCC_NO_COMMON_BLOCKS = YES;
				GCC_OPTIMIZATION_LEVEL = 0;
				GCC_PREPROCESSOR_DEFINITIONS = (
					"DEBUG=1",
					"$(inherited)",
				);
				GCC_WARN_64_TO_32_BIT_CONVERSION = YES;
				GCC_WARN_ABOUT_RETURN_TYPE = YES_ERROR;
				GCC_WARN_UNDECLARED_SELECTOR = YES;
				GCC_WARN_UNINITIALIZED_AUTOS = YES_AGGRESSIVE;
				GCC_WARN_UNUSED_FUNCTION = YES;
				GCC_WARN_UNUSED_VARIABLE = YES;
				IPHONEOS_DEPLOYMENT_TARGET = 9.3;
				MTL_ENABLE_DEBUG_INFO = YES;
				ONLY_ACTIVE_ARCH = YES;
				SDKROOT = iphoneos;
				SWIFT_OPTIMIZATION_LEVEL = "-Onone";
			};
			name = Debug;
		};
		5BE0A1431D059423004DC56C /* Release */ = {
			isa = XCBuildConfiguration;
			buildSettings = {
				ALWAYS_SEARCH_USER_PATHS = NO;
				CLANG_ANALYZER_NONNULL = YES;
				CLANG_CXX_LANGUAGE_STANDARD = "gnu++0x";
				CLANG_CXX_LIBRARY = "libc++";
				CLANG_ENABLE_MODULES = YES;
				CLANG_ENABLE_OBJC_ARC = YES;
				CLANG_WARN_BOOL_CONVERSION = YES;
				CLANG_WARN_CONSTANT_CONVERSION = YES;
				CLANG_WARN_DIRECT_OBJC_ISA_USAGE = YES_ERROR;
				CLANG_WARN_EMPTY_BODY = YES;
				CLANG_WARN_ENUM_CONVERSION = YES;
				CLANG_WARN_INT_CONVERSION = YES;
				CLANG_WARN_OBJC_ROOT_CLASS = YES_ERROR;
				CLANG_WARN_UNREACHABLE_CODE = YES;
				CLANG_WARN__DUPLICATE_METHOD_MATCH = YES;
				"CODE_SIGN_IDENTITY[sdk=iphoneos*]" = "iPhone Developer";
				COPY_PHASE_STRIP = NO;
				DEBUG_INFORMATION_FORMAT = "dwarf-with-dsym";
				ENABLE_NS_ASSERTIONS = NO;
				ENABLE_STRICT_OBJC_MSGSEND = YES;
				GCC_C_LANGUAGE_STANDARD = gnu99;
				GCC_NO_COMMON_BLOCKS = YES;
				GCC_WARN_64_TO_32_BIT_CONVERSION = YES;
				GCC_WARN_ABOUT_RETURN_TYPE = YES_ERROR;
				GCC_WARN_UNDECLARED_SELECTOR = YES;
				GCC_WARN_UNINITIALIZED_AUTOS = YES_AGGRESSIVE;
				GCC_WARN_UNUSED_FUNCTION = YES;
				GCC_WARN_UNUSED_VARIABLE = YES;
				IPHONEOS_DEPLOYMENT_TARGET = 9.3;
				MTL_ENABLE_DEBUG_INFO = NO;
				SDKROOT = iphoneos;
				VALIDATE_PRODUCT = YES;
			};
			name = Release;
		};
		5BE0A1451D059423004DC56C /* Debug */ = {
			isa = XCBuildConfiguration;
			baseConfigurationReference = 5BE6E69F1D0C2384002BB2DF /* Debug.xcconfig */;
			buildSettings = {
				ASSETCATALOG_COMPILER_APPICON_NAME = AppIcon;
				INFOPLIST_FILE = lookback/Info.plist;
				LD_RUNPATH_SEARCH_PATHS = "$(inherited) @executable_path/Frameworks";
				PRODUCT_BUNDLE_IDENTIFIER = com.premist.lookback;
				PRODUCT_NAME = "$(TARGET_NAME)";
			};
			name = Debug;
		};
		5BE0A1461D059423004DC56C /* Release */ = {
			isa = XCBuildConfiguration;
			baseConfigurationReference = 5BE6E6A01D0C252D002BB2DF /* Release.xcconfig */;
			buildSettings = {
				ASSETCATALOG_COMPILER_APPICON_NAME = AppIcon;
				INFOPLIST_FILE = lookback/Info.plist;
				LD_RUNPATH_SEARCH_PATHS = "$(inherited) @executable_path/Frameworks";
				PRODUCT_BUNDLE_IDENTIFIER = com.premist.lookback;
				PRODUCT_NAME = "$(TARGET_NAME)";
			};
			name = Release;
		};
		5BE0A1481D059423004DC56C /* Debug */ = {
			isa = XCBuildConfiguration;
			buildSettings = {
				BUNDLE_LOADER = "$(TEST_HOST)";
				INFOPLIST_FILE = lookbackTests/Info.plist;
				LD_RUNPATH_SEARCH_PATHS = "$(inherited) @executable_path/Frameworks @loader_path/Frameworks";
				PRODUCT_BUNDLE_IDENTIFIER = com.premist.lookbackTests;
				PRODUCT_NAME = "$(TARGET_NAME)";
				TEST_HOST = "$(BUILT_PRODUCTS_DIR)/lookback.app/lookback";
			};
			name = Debug;
		};
		5BE0A1491D059423004DC56C /* Release */ = {
			isa = XCBuildConfiguration;
			buildSettings = {
				BUNDLE_LOADER = "$(TEST_HOST)";
				INFOPLIST_FILE = lookbackTests/Info.plist;
				LD_RUNPATH_SEARCH_PATHS = "$(inherited) @executable_path/Frameworks @loader_path/Frameworks";
				PRODUCT_BUNDLE_IDENTIFIER = com.premist.lookbackTests;
				PRODUCT_NAME = "$(TARGET_NAME)";
				TEST_HOST = "$(BUILT_PRODUCTS_DIR)/lookback.app/lookback";
			};
			name = Release;
		};
		5BE0A14B1D059423004DC56C /* Debug */ = {
			isa = XCBuildConfiguration;
			buildSettings = {
				INFOPLIST_FILE = lookbackUITests/Info.plist;
				LD_RUNPATH_SEARCH_PATHS = "$(inherited) @executable_path/Frameworks @loader_path/Frameworks";
				PRODUCT_BUNDLE_IDENTIFIER = com.premist.lookbackUITests;
				PRODUCT_NAME = "$(TARGET_NAME)";
				TEST_TARGET_NAME = lookback;
			};
			name = Debug;
		};
		5BE0A14C1D059423004DC56C /* Release */ = {
			isa = XCBuildConfiguration;
			buildSettings = {
				INFOPLIST_FILE = lookbackUITests/Info.plist;
				LD_RUNPATH_SEARCH_PATHS = "$(inherited) @executable_path/Frameworks @loader_path/Frameworks";
				PRODUCT_BUNDLE_IDENTIFIER = com.premist.lookbackUITests;
				PRODUCT_NAME = "$(TARGET_NAME)";
				TEST_TARGET_NAME = lookback;
			};
			name = Release;
		};
/* End XCBuildConfiguration section */

/* Begin XCConfigurationList section */
		5BE0A1171D059422004DC56C /* Build configuration list for PBXProject "lookback" */ = {
			isa = XCConfigurationList;
			buildConfigurations = (
				5BE0A1421D059423004DC56C /* Debug */,
				5BE0A1431D059423004DC56C /* Release */,
			);
			defaultConfigurationIsVisible = 0;
			defaultConfigurationName = Release;
		};
		5BE0A1441D059423004DC56C /* Build configuration list for PBXNativeTarget "lookback" */ = {
			isa = XCConfigurationList;
			buildConfigurations = (
				5BE0A1451D059423004DC56C /* Debug */,
				5BE0A1461D059423004DC56C /* Release */,
			);
			defaultConfigurationIsVisible = 0;
			defaultConfigurationName = Release;
		};
		5BE0A1471D059423004DC56C /* Build configuration list for PBXNativeTarget "lookbackTests" */ = {
			isa = XCConfigurationList;
			buildConfigurations = (
				5BE0A1481D059423004DC56C /* Debug */,
				5BE0A1491D059423004DC56C /* Release */,
			);
			defaultConfigurationIsVisible = 0;
			defaultConfigurationName = Release;
		};
		5BE0A14A1D059423004DC56C /* Build configuration list for PBXNativeTarget "lookbackUITests" */ = {
			isa = XCConfigurationList;
			buildConfigurations = (
				5BE0A14B1D059423004DC56C /* Debug */,
				5BE0A14C1D059423004DC56C /* Release */,
			);
			defaultConfigurationIsVisible = 0;
			defaultConfigurationName = Release;
		};
/* End XCConfigurationList section */
	};
	rootObject = 5BE0A1141D059422004DC56C /* Project object */;
}
